
Microsoft Visual Studio Solution File, Format Version 12.00
# Visual Studio Version 17
VisualStudioVersion = 17.13.35825.156 d17.13
MinimumVisualStudioVersion = 10.0.40219.1
Project("{FAE04EC0-301F-11D3-BF4B-00C04F79EFBC}") = "Bài 1", "Bài 1\Bài 1.csproj", "{19683741-679E-49CA-820F-2B45AF6AC43F}"
EndProject
Global
	GlobalSection(SolutionConfigurationPlatforms) = preSolution
		Debug|Any CPU = Debug|Any CPU
		Release|Any CPU = Release|Any CPU
	EndGlobalSection
	GlobalSection(ProjectConfigurationPlatforms) = postSolution
		{19683741-679E-49CA-820F-2B45AF6AC43F}.Debug|Any CPU.ActiveCfg = Debug|Any CPU
		{19683741-679E-49CA-820F-2B45AF6AC43F}.Debug|Any CPU.Build.0 = Debug|Any CPU
		{19683741-679E-49CA-820F-2B45AF6AC43F}.Release|Any CPU.ActiveCfg = Release|Any CPU
		{19683741-679E-49CA-820F-2B45AF6AC43F}.Release|Any CPU.Build.0 = Release|Any CPU
	EndGlobalSection
	GlobalSection(SolutionProperties) = preSolution
		HideSolutionNode = FALSE
	EndGlobalSection
	GlobalSection(ExtensibilityGlobals) = postSolution
		SolutionGuid = {B1173B08-40EF-4C75-BB7A-E3732008B03D}
	EndGlobalSection
EndGlobal
