
Microsoft Visual Studio Solution File, Format Version 12.00
# Visual Studio Version 17
VisualStudioVersion = 17.13.35825.156 d17.13
MinimumVisualStudioVersion = 10.0.40219.1
Project("{FAE04EC0-301F-11D3-BF4B-00C04F79EFBC}") = "Bai2", "Bai2\Bai2.csproj", "{27FBD699-C06F-477C-84F3-096503033CB5}"
EndProject
Global
	GlobalSection(SolutionConfigurationPlatforms) = preSolution
		Debug|Any CPU = Debug|Any CPU
		Release|Any CPU = Release|Any CPU
	EndGlobalSection
	GlobalSection(ProjectConfigurationPlatforms) = postSolution
		{27FBD699-C06F-477C-84F3-096503033CB5}.Debug|Any CPU.ActiveCfg = Debug|Any CPU
		{27FBD699-C06F-477C-84F3-096503033CB5}.Debug|Any CPU.Build.0 = Debug|Any CPU
		{27FBD699-C06F-477C-84F3-096503033CB5}.Release|Any CPU.ActiveCfg = Release|Any CPU
		{27FBD699-C06F-477C-84F3-096503033CB5}.Release|Any CPU.Build.0 = Release|Any CPU
	EndGlobalSection
	GlobalSection(SolutionProperties) = preSolution
		HideSolutionNode = FALSE
	EndGlobalSection
	GlobalSection(ExtensibilityGlobals) = postSolution
		SolutionGuid = {EDAB41BF-2357-4BD6-B960-E359B8030972}
	EndGlobalSection
EndGlobal
