
Microsoft Visual Studio Solution File, Format Version 12.00
# Visual Studio Version 17
VisualStudioVersion = 17.13.35825.156 d17.13
MinimumVisualStudioVersion = 10.0.40219.1
Project("{FAE04EC0-301F-11D3-BF4B-00C04F79EFBC}") = "Bai2", "Bai2\Bai2.csproj", "{0F622E1D-B8EC-42A6-BB23-63693EAB8933}"
EndProject
Global
	GlobalSection(SolutionConfigurationPlatforms) = preSolution
		Debug|Any CPU = Debug|Any CPU
		Release|Any CPU = Release|Any CPU
	EndGlobalSection
	GlobalSection(ProjectConfigurationPlatforms) = postSolution
		{0F622E1D-B8EC-42A6-BB23-63693EAB8933}.Debug|Any CPU.ActiveCfg = Debug|Any CPU
		{0F622E1D-B8EC-42A6-BB23-63693EAB8933}.Debug|Any CPU.Build.0 = Debug|Any CPU
		{0F622E1D-B8EC-42A6-BB23-63693EAB8933}.Release|Any CPU.ActiveCfg = Release|Any CPU
		{0F622E1D-B8EC-42A6-BB23-63693EAB8933}.Release|Any CPU.Build.0 = Release|Any CPU
	EndGlobalSection
	GlobalSection(SolutionProperties) = preSolution
		HideSolutionNode = FALSE
	EndGlobalSection
	GlobalSection(ExtensibilityGlobals) = postSolution
		SolutionGuid = {45824AF0-252D-4CE0-930E-E33E5D7E4872}
	EndGlobalSection
EndGlobal
