
Microsoft Visual Studio Solution File, Format Version 12.00
# Visual Studio Version 17
VisualStudioVersion = 17.13.35825.156 d17.13
MinimumVisualStudioVersion = 10.0.40219.1
Project("{FAE04EC0-301F-11D3-BF4B-00C04F79EFBC}") = "Bài3", "Bài3\Bài3.csproj", "{E78FBD1E-8A97-496C-8928-C507DB278EFE}"
EndProject
Global
	GlobalSection(SolutionConfigurationPlatforms) = preSolution
		Debug|Any CPU = Debug|Any CPU
		Release|Any CPU = Release|Any CPU
	EndGlobalSection
	GlobalSection(ProjectConfigurationPlatforms) = postSolution
		{E78FBD1E-8A97-496C-8928-C507DB278EFE}.Debug|Any CPU.ActiveCfg = Debug|Any CPU
		{E78FBD1E-8A97-496C-8928-C507DB278EFE}.Debug|Any CPU.Build.0 = Debug|Any CPU
		{E78FBD1E-8A97-496C-8928-C507DB278EFE}.Release|Any CPU.ActiveCfg = Release|Any CPU
		{E78FBD1E-8A97-496C-8928-C507DB278EFE}.Release|Any CPU.Build.0 = Release|Any CPU
	EndGlobalSection
	GlobalSection(SolutionProperties) = preSolution
		HideSolutionNode = FALSE
	EndGlobalSection
	GlobalSection(ExtensibilityGlobals) = postSolution
		SolutionGuid = {2F6BAA73-2B90-4FAC-A1FE-98A0CCC8199F}
	EndGlobalSection
EndGlobal
