
Microsoft Visual Studio Solution File, Format Version 12.00
# Visual Studio Version 17
VisualStudioVersion = 17.13.35825.156 d17.13
MinimumVisualStudioVersion = 10.0.40219.1
Project("{FAE04EC0-301F-11D3-BF4B-00C04F79EFBC}") = "Bài2.2", "Bài2.2\Bài2.2.csproj", "{58F23EFD-765A-4E1D-B54E-62123E3622D7}"
EndProject
Global
	GlobalSection(SolutionConfigurationPlatforms) = preSolution
		Debug|Any CPU = Debug|Any CPU
		Release|Any CPU = Release|Any CPU
	EndGlobalSection
	GlobalSection(ProjectConfigurationPlatforms) = postSolution
		{58F23EFD-765A-4E1D-B54E-62123E3622D7}.Debug|Any CPU.ActiveCfg = Debug|Any CPU
		{58F23EFD-765A-4E1D-B54E-62123E3622D7}.Debug|Any CPU.Build.0 = Debug|Any CPU
		{58F23EFD-765A-4E1D-B54E-62123E3622D7}.Release|Any CPU.ActiveCfg = Release|Any CPU
		{58F23EFD-765A-4E1D-B54E-62123E3622D7}.Release|Any CPU.Build.0 = Release|Any CPU
	EndGlobalSection
	GlobalSection(SolutionProperties) = preSolution
		HideSolutionNode = FALSE
	EndGlobalSection
	GlobalSection(ExtensibilityGlobals) = postSolution
		SolutionGuid = {E7507332-2863-4B09-8F50-1425DD03EA8D}
	EndGlobalSection
EndGlobal
